// !$*UTF8*$!
{
	archiveVersion = 1;
	classes = {
	};
	objectVersion = 50;
	objects = {

/* Begin PBXBuildFile section */
		C42464B022DCC4CC00BCFE90 /* AppDelegate.swift in Sources */ = {isa = PBXBuildFile; fileRef = C42464AF22DCC4CC00BCFE90 /* AppDelegate.swift */; };
		C42464B222DCC4CC00BCFE90 /* ViewController.swift in Sources */ = {isa = PBXBuildFile; fileRef = C42464B122DCC4CC00BCFE90 /* ViewController.swift */; };
		C42464B522DCC4CC00BCFE90 /* Main.storyboard in Resources */ = {isa = PBXBuildFile; fileRef = C42464B322DCC4CC00BCFE90 /* Main.storyboard */; };
		C42464B722DCC4CD00BCFE90 /* Assets.xcassets in Resources */ = {isa = PBXBuildFile; fileRef = C42464B622DCC4CD00BCFE90 /* Assets.xcassets */; };
		C42464BA22DCC4CD00BCFE90 /* LaunchScreen.storyboard in Resources */ = {isa = PBXBuildFile; fileRef = C42464B822DCC4CD00BCFE90 /* LaunchScreen.storyboard */; };
/* End PBXBuildFile section */

/* Begin PBXFileReference section */
		C42464AC22DCC4CC00BCFE90 /* This-Coder-Swag.app */ = {isa = PBXFileReference; explicitFileType = wrapper.application; includeInIndex = 0; path = "This-Coder-Swag.app"; sourceTree = BUILT_PRODUCTS_DIR; };
		C42464AF22DCC4CC00BCFE90 /* AppDelegate.swift */ = {isa = PBXFileReference; lastKnownFileType = sourcecode.swift; path = AppDelegate.swift; sourceTree = "<group>"; };
		C42464B122DCC4CC00BCFE90 /* ViewController.swift */ = {isa = PBXFileReference; lastKnownFileType = sourcecode.swift; path = ViewController.swift; sourceTree = "<group>"; };
		C42464B422DCC4CC00BCFE90 /* Base */ = {isa = PBXFileReference; lastKnownFileType = file.storyboard; name = Base; path = Base.lproj/Main.storyboard; sourceTree = "<group>"; };
		C42464B622DCC4CD00BCFE90 /* Assets.xcassets */ = {isa = PBXFileReference; lastKnownFileType = folder.assetcatalog; path = Assets.xcassets; sourceTree = "<group>"; };
		C42464B922DCC4CD00BCFE90 /* Base */ = {isa = PBXFileReference; lastKnownFileType = file.storyboard; name = Base; path = Base.lproj/LaunchScreen.storyboard; sourceTree = "<group>"; };
		C42464BB22DCC4CD00BCFE90 /* Info.plist */ = {isa = PBXFileReference; lastKnownFileType = text.plist.xml; path = Info.plist; sourceTree = "<group>"; };
/* End PBXFileReference section */

/* Begin PBXFrameworksBuildPhase section */
		C42464A922DCC4CC00BCFE90 /* Frameworks */ = {
			isa = PBXFrameworksBuildPhase;
			buildActionMask = 2147483647;
			files = (
			);
			runOnlyForDeploymentPostprocessing = 0;
		};
/* End PBXFrameworksBuildPhase section */

/* Begin PBXGroup section */
		C42464A322DCC4CC00BCFE90 = {
			isa = PBXGroup;
			children = (
				C42464AE22DCC4CC00BCFE90 /* This-Coder-Swag */,
				C42464AD22DCC4CC00BCFE90 /* Products */,
			);
			sourceTree = "<group>";
		};
		C42464AD22DCC4CC00BCFE90 /* Products */ = {
			isa = PBXGroup;
			children = (
				C42464AC22DCC4CC00BCFE90 /* This-Coder-Swag.app */,
			);
			name = Products;
			sourceTree = "<group>";
		};
		C42464AE22DCC4CC00BCFE90 /* This-Coder-Swag */ = {
			isa = PBXGroup;
			children = (
				C42464AF22DCC4CC00BCFE90 /* AppDelegate.swift */,
				C42464B122DCC4CC00BCFE90 /* ViewController.swift */,
				C42464B322DCC4CC00BCFE90 /* Main.storyboard */,
				C42464B622DCC4CD00BCFE90 /* Assets.xcassets */,
				C42464B822DCC4CD00BCFE90 /* LaunchScreen.storyboard */,
				C42464BB22DCC4CD00BCFE90 /* Info.plist */,
			);
			path = "This-Coder-Swag";
			sourceTree = "<group>";
		};
/* End PBXGroup section */

/* Begin PBXNativeTarget section */
		C42464AB22DCC4CC00BCFE90 /* This-Coder-Swag */ = {
			isa = PBXNativeTarget;
			buildConfigurationList = C42464BE22DCC4CD00BCFE90 /* Build configuration list for PBXNativeTarget "This-Coder-Swag" */;
			buildPhases = (
				C42464A822DCC4CC00BCFE90 /* Sources */,
				C42464A922DCC4CC00BCFE90 /* Frameworks */,
				C42464AA22DCC4CC00BCFE90 /* Resources */,
			);
			buildRules = (
			);
			dependencies = (
			);
			name = "This-Coder-Swag";
			productName = "This-Coder-Swag";
			productReference = C42464AC22DCC4CC00BCFE90 /* This-Coder-Swag.app */;
			productType = "com.apple.product-type.application";
		};
/* End PBXNativeTarget section */

/* Begin PBXProject section */
		C42464A422DCC4CC00BCFE90 /* Project object */ = {
			isa = PBXProject;
			attributes = {
				LastSwiftUpdateCheck = 1010;
				LastUpgradeCheck = 1010;
				ORGANIZATIONNAME = "Brian White";
				TargetAttributes = {
					C42464AB22DCC4CC00BCFE90 = {
						CreatedOnToolsVersion = 10.1;
					};
				};
			};
			buildConfigurationList = C42464A722DCC4CC00BCFE90 /* Build configuration list for PBXProject "This-Coder-Swag" */;
			compatibilityVersion = "Xcode 9.3";
			developmentRegion = en;
			hasScannedForEncodings = 0;
			knownRegions = (
				en,
				Base,
			);
			mainGroup = C42464A322DCC4CC00BCFE90;
			productRefGroup = C42464AD22DCC4CC00BCFE90 /* Products */;
			projectDirPath = "";
			projectRoot = "";
			targets = (
				C42464AB22DCC4CC00BCFE90 /* This-Coder-Swag */,
			);
		};
/* End PBXProject section */

/* Begin PBXResourcesBuildPhase section */
		C42464AA22DCC4CC00BCFE90 /* Resources */ = {
			isa = PBXResourcesBuildPhase;
			buildActionMask = 2147483647;
			files = (
				C42464BA22DCC4CD00BCFE90 /* LaunchScreen.storyboard in Resources */,
				C42464B722DCC4CD00BCFE90 /* Assets.xcassets in Resources */,
				C42464B522DCC4CC00BCFE90 /* Main.storyboard in Resources */,
			);
			runOnlyForDeploymentPostprocessing = 0;
		};
/* End PBXResourcesBuildPhase section */

/* Begin PBXSourcesBuildPhase section */
		C42464A822DCC4CC00BCFE90 /* Sources */ = {
			isa = PBXSourcesBuildPhase;
			buildActionMask = 2147483647;
			files = (
				C42464B222DCC4CC00BCFE90 /* ViewController.swift in Sources */,
				C42464B022DCC4CC00BCFE90 /* AppDelegate.swift in Sources */,
			);
			runOnlyForDeploymentPostprocessing = 0;
		};
/* End PBXSourcesBuildPhase section */

/* Begin PBXVariantGroup section */
		C42464B322DCC4CC00BCFE90 /* Main.storyboard */ = {
			isa = PBXVariantGroup;
			children = (
				C42464B422DCC4CC00BCFE90 /* Base */,
			);
			name = Main.storyboard;
			sourceTree = "<group>";
		};
		C42464B822DCC4CD00BCFE90 /* LaunchScreen.storyboard */ = {
			isa = PBXVariantGroup;
			children = (
				C42464B922DCC4CD00BCFE90 /* Base */,
			);
			name = LaunchScreen.storyboard;
			sourceTree = "<group>";
		};
/* End PBXVariantGroup section */

/* Begin XCBuildConfiguration section */
		C42464BC22DCC4CD00BCFE90 /* Debug */ = {
			isa = XCBuildConfiguration;
			buildSettings = {
				ALWAYS_SEARCH_USER_PATHS = NO;
				CLANG_ANALYZER_NONNULL = YES;
				CLANG_ANALYZER_NUMBER_OBJECT_CONVERSION = YES_AGGRESSIVE;
				CLANG_CXX_LANGUAGE_STANDARD = "gnu++14";
				CLANG_CXX_LIBRARY = "libc++";
				CLANG_ENABLE_MODULES = YES;
				CLANG_ENABLE_OBJC_ARC = YES;
				CLANG_ENABLE_OBJC_WEAK = YES;
				CLANG_WARN_BLOCK_CAPTURE_AUTORELEASING = YES;
				CLANG_WARN_BOOL_CONVERSION = YES;
				CLANG_WARN_COMMA = YES;
				CLANG_WARN_CONSTANT_CONVERSION = YES;
				CLANG_WARN_DEPRECATED_OBJC_IMPLEMENTATIONS = YES;
				CLANG_WARN_DIRECT_OBJC_ISA_USAGE = YES_ERROR;
				CLANG_WARN_DOCUMENTATION_COMMENTS = YES;
				CLANG_WARN_EMPTY_BODY = YES;
				CLANG_WARN_ENUM_CONVERSION = YES;
				CLANG_WARN_INFINITE_RECURSION = YES;
				CLANG_WARN_INT_CONVERSION = YES;
				CLANG_WARN_NON_LITERAL_NULL_CONVERSION = YES;
				CLANG_WARN_OBJC_IMPLICIT_RETAIN_SELF = YES;
				CLANG_WARN_OBJC_LITERAL_CONVERSION = YES;
				CLANG_WARN_OBJC_ROOT_CLASS = YES_ERROR;
				CLANG_WARN_RANGE_LOOP_ANALYSIS = YES;
				CLANG_WARN_STRICT_PROTOTYPES = YES;
				CLANG_WARN_SUSPICIOUS_MOVE = YES;
				CLANG_WARN_UNGUARDED_AVAILABILITY = YES_AGGRESSIVE;
				CLANG_WARN_UNREACHABLE_CODE = YES;
				CLANG_WARN__DUPLICATE_METHOD_MATCH = YES;
				CODE_SIGN_IDENTITY = "iPhone Developer";
				COPY_PHASE_STRIP = NO;
				DEBUG_INFORMATION_FORMAT = dwarf;
				ENABLE_STRICT_OBJC_MSGSEND = YES;
				ENABLE_TESTABILITY = YES;
				GCC_C_LANGUAGE_STANDARD = gnu11;
				GCC_DYNAMIC_NO_PIC = NO;
				GCC_NO_COMMON_BLOCKS = YES;
				GCC_OPTIMIZATION_LEVEL = 0;
				GCC_PREPROCESSOR_DEFINITIONS = (
					"DEBUG=1",
					"$(inherited)",
				);
				GCC_WARN_64_TO_32_BIT_CONVERSION = YES;
				GCC_WARN_ABOUT_RETURN_TYPE = YES_ERROR;
				GCC_WARN_UNDECLARED_SELECTOR = YES;
				GCC_WARN_UNINITIALIZED_AUTOS = YES_AGGRESSIVE;
				GCC_WARN_UNUSED_FUNCTION = YES;
				GCC_WARN_UNUSED_VARIABLE = YES;
				IPHONEOS_DEPLOYMENT_TARGET = 12.1;
				MTL_ENABLE_DEBUG_INFO = INCLUDE_SOURCE;
				MTL_FAST_MATH = YES;
				ONLY_ACTIVE_ARCH = YES;
				SDKROOT = iphoneos;
				SWIFT_ACTIVE_COMPILATION_CONDITIONS = DEBUG;
				SWIFT_OPTIMIZATION_LEVEL = "-Onone";
			};
			name = Debug;
		};
		C42464BD22DCC4CD00BCFE90 /* Release */ = {
			isa = XCBuildConfiguration;
			buildSettings = {
				ALWAYS_SEARCH_USER_PATHS = NO;
				CLANG_ANALYZER_NONNULL = YES;
				CLANG_ANALYZER_NUMBER_OBJECT_CONVERSION = YES_AGGRESSIVE;
				CLANG_CXX_LANGUAGE_STANDARD = "gnu++14";
				CLANG_CXX_LIBRARY = "libc++";
				CLANG_ENABLE_MODULES = YES;
				CLANG_ENABLE_OBJC_ARC = YES;
				CLANG_ENABLE_OBJC_WEAK = YES;
				CLANG_WARN_BLOCK_CAPTURE_AUTORELEASING = YES;
				CLANG_WARN_BOOL_CONVERSION = YES;
				CLANG_WARN_COMMA = YES;
				CLANG_WARN_CONSTANT_CONVERSION = YES;
				CLANG_WARN_DEPRECATED_OBJC_IMPLEMENTATIONS = YES;
				CLANG_WARN_DIRECT_OBJC_ISA_USAGE = YES_ERROR;
				CLANG_WARN_DOCUMENTATION_COMMENTS = YES;
				CLANG_WARN_EMPTY_BODY = YES;
				CLANG_WARN_ENUM_CONVERSION = YES;
				CLANG_WARN_INFINITE_RECURSION = YES;
				CLANG_WARN_INT_CONVERSION = YES;
				CLANG_WARN_NON_LITERAL_NULL_CONVERSION = YES;
				CLANG_WARN_OBJC_IMPLICIT_RETAIN_SELF = YES;
				CLANG_WARN_OBJC_LITERAL_CONVERSION = YES;
				CLANG_WARN_OBJC_ROOT_CLASS = YES_ERROR;
				CLANG_WARN_RANGE_LOOP_ANALYSIS = YES;
				CLANG_WARN_STRICT_PROTOTYPES = YES;
				CLANG_WARN_SUSPICIOUS_MOVE = YES;
				CLANG_WARN_UNGUARDED_AVAILABILITY = YES_AGGRESSIVE;
				CLANG_WARN_UNREACHABLE_CODE = YES;
				CLANG_WARN__DUPLICATE_METHOD_MATCH = YES;
				CODE_SIGN_IDENTITY = "iPhone Developer";
				COPY_PHASE_STRIP = NO;
				DEBUG_INFORMATION_FORMAT = "dwarf-with-dsym";
				ENABLE_NS_ASSERTIONS = NO;
				ENABLE_STRICT_OBJC_MSGSEND = YES;
				GCC_C_LANGUAGE_STANDARD = gnu11;
				GCC_NO_COMMON_BLOCKS = YES;
				GCC_WARN_64_TO_32_BIT_CONVERSION = YES;
				GCC_WARN_ABOUT_RETURN_TYPE = YES_ERROR;
				GCC_WARN_UNDECLARED_SELECTOR = YES;
				GCC_WARN_UNINITIALIZED_AUTOS = YES_AGGRESSIVE;
				GCC_WARN_UNUSED_FUNCTION = YES;
				GCC_WARN_UNUSED_VARIABLE = YES;
				IPHONEOS_DEPLOYMENT_TARGET = 12.1;
				MTL_ENABLE_DEBUG_INFO = NO;
				MTL_FAST_MATH = YES;
				SDKROOT = iphoneos;
				SWIFT_COMPILATION_MODE = wholemodule;
				SWIFT_OPTIMIZATION_LEVEL = "-O";
				VALIDATE_PRODUCT = YES;
			};
			name = Release;
		};
		C42464BF22DCC4CD00BCFE90 /* Debug */ = {
			isa = XCBuildConfiguration;
			buildSettings = {
				ASSETCATALOG_COMPILER_APPICON_NAME = AppIcon;
				CODE_SIGN_STYLE = Automatic;
				DEVELOPMENT_TEAM = FG232L58P6;
				INFOPLIST_FILE = "This-Coder-Swag/Info.plist";
				LD_RUNPATH_SEARCH_PATHS = (
					"$(inherited)",
					"@executable_path/Frameworks",
				);
				PRODUCT_BUNDLE_IDENTIFIER = "com.BrianCWhite.This-Coder-Swag";
				PRODUCT_NAME = "$(TARGET_NAME)";
				SWIFT_VERSION = 4.2;
				TARGETED_DEVICE_FAMILY = "1,2";
			};
			name = Debug;
		};
		C42464C022DCC4CD00BCFE90 /* Release */ = {
			isa = XCBuildConfiguration;
			buildSettings = {
				ASSETCATALOG_COMPILER_APPICON_NAME = AppIcon;
				CODE_SIGN_STYLE = Automatic;
				DEVELOPMENT_TEAM = FG232L58P6;
				INFOPLIST_FILE = "This-Coder-Swag/Info.plist";
				LD_RUNPATH_SEARCH_PATHS = (
					"$(inherited)",
					"@executable_path/Frameworks",
				);
				PRODUCT_BUNDLE_IDENTIFIER = "com.BrianCWhite.This-Coder-Swag";
				PRODUCT_NAME = "$(TARGET_NAME)";
				SWIFT_VERSION = 4.2;
				TARGETED_DEVICE_FAMILY = "1,2";
			};
			name = Release;
		};
/* End XCBuildConfiguration section */

/* Begin XCConfigurationList section */
		C42464A722DCC4CC00BCFE90 /* Build configuration list for PBXProject "This-Coder-Swag" */ = {
			isa = XCConfigurationList;
			buildConfigurations = (
				C42464BC22DCC4CD00BCFE90 /* Debug */,
				C42464BD22DCC4CD00BCFE90 /* Release */,
			);
			defaultConfigurationIsVisible = 0;
			defaultConfigurationName = Release;
		};
		C42464BE22DCC4CD00BCFE90 /* Build configuration list for PBXNativeTarget "This-Coder-Swag" */ = {
			isa = XCConfigurationList;
			buildConfigurations = (
				C42464BF22DCC4CD00BCFE90 /* Debug */,
				C42464C022DCC4CD00BCFE90 /* Release */,
			);
			defaultConfigurationIsVisible = 0;
			defaultConfigurationName = Release;
		};
/* End XCConfigurationList section */
	};
	rootObject = C42464A422DCC4CC00BCFE90 /* Project object */;
}
